
Microsoft Visual Studio Solution File, Format Version 12.00
# Visual Studio Version 16
VisualStudioVersion = 16.6.30114.105
MinimumVisualStudioVersion = 10.0.40219.1
Project("{2150E333-8FDC-42A3-9474-1A3956D46DE8}") = "src", "src", "{39919CB7-5878-4DEE-84C2-F8028E5C632D}"
EndProject
Project("{9A19103F-16F7-4668-BE54-9A1E7A4F7556}") = "ServerAPI", "src\ServerAPI\ServerAPI.csproj", "{DC50A7CA-E495-435D-9A39-488F436205F9}"
EndProject
Project("{2150E333-8FDC-42A3-9474-1A3956D46DE8}") = "test", "test", "{1ED875D6-64F7-4BC5-8081-101DE8D79D83}"
EndProject
Project("{9A19103F-16F7-4668-BE54-9A1E7A4F7556}") = "ServerAPI.Tests", "test\ServerAPI.Tests\ServerAPI.Tests.csproj", "{3AC0EB12-6073-4B46-AD33-A0F39E68A8DB}"
EndProject
Project("{2150E333-8FDC-42A3-9474-1A3956D46DE8}") = "cryptography", "cryptography", "{5B1ECA09-D0F9-4FA1-AAE0-FD44157471A5}"
EndProject
Project("{9A19103F-16F7-4668-BE54-9A1E7A4F7556}") = "XCryptographyTesting", "CryptographyTesting\XCryptographyTesting.csproj", "{07DB4CAB-BB97-4712-BB09-17592B73722B}"
EndProject
Project("{2150E333-8FDC-42A3-9474-1A3956D46DE8}") = "client", "client", "{807F2BFD-07A6-4CDB-A995-36666B990FA7}"
EndProject
Project("{9A19103F-16F7-4668-BE54-9A1E7A4F7556}") = "ClientAPI", "ClientAPI\ClientAPI.csproj", "{BA140627-909D-4232-B3BE-2A075ACE7BBE}"
EndProject
Project("{2150E333-8FDC-42A3-9474-1A3956D46DE8}") = "files", "files", "{EAD3C42C-38A7-44EA-B8DF-C1FAC0BAA579}"
EndProject
Project("{FAE04EC0-301F-11D3-BF4B-00C04F79EFBC}") = "FileOperations", "FileOperations\FileOperations.csproj", "{0FF72B78-8985-44C3-803A-676D6011BF97}"
EndProject
Global
	GlobalSection(SolutionConfigurationPlatforms) = preSolution
		Debug|Any CPU = Debug|Any CPU
		Debug|x64 = Debug|x64
		Debug|x86 = Debug|x86
		Release|Any CPU = Release|Any CPU
		Release|x64 = Release|x64
		Release|x86 = Release|x86
	EndGlobalSection
	GlobalSection(ProjectConfigurationPlatforms) = postSolution
		{DC50A7CA-E495-435D-9A39-488F436205F9}.Debug|Any CPU.ActiveCfg = Debug|Any CPU
		{DC50A7CA-E495-435D-9A39-488F436205F9}.Debug|Any CPU.Build.0 = Debug|Any CPU
		{DC50A7CA-E495-435D-9A39-488F436205F9}.Debug|x64.ActiveCfg = Debug|Any CPU
		{DC50A7CA-E495-435D-9A39-488F436205F9}.Debug|x64.Build.0 = Debug|Any CPU
		{DC50A7CA-E495-435D-9A39-488F436205F9}.Debug|x86.ActiveCfg = Debug|Any CPU
		{DC50A7CA-E495-435D-9A39-488F436205F9}.Debug|x86.Build.0 = Debug|Any CPU
		{DC50A7CA-E495-435D-9A39-488F436205F9}.Release|Any CPU.ActiveCfg = Release|Any CPU
		{DC50A7CA-E495-435D-9A39-488F436205F9}.Release|Any CPU.Build.0 = Release|Any CPU
		{DC50A7CA-E495-435D-9A39-488F436205F9}.Release|x64.ActiveCfg = Release|Any CPU
		{DC50A7CA-E495-435D-9A39-488F436205F9}.Release|x64.Build.0 = Release|Any CPU
		{DC50A7CA-E495-435D-9A39-488F436205F9}.Release|x86.ActiveCfg = Release|Any CPU
		{DC50A7CA-E495-435D-9A39-488F436205F9}.Release|x86.Build.0 = Release|Any CPU
		{3AC0EB12-6073-4B46-AD33-A0F39E68A8DB}.Debug|Any CPU.ActiveCfg = Debug|Any CPU
		{3AC0EB12-6073-4B46-AD33-A0F39E68A8DB}.Debug|Any CPU.Build.0 = Debug|Any CPU
		{3AC0EB12-6073-4B46-AD33-A0F39E68A8DB}.Debug|x64.ActiveCfg = Debug|Any CPU
		{3AC0EB12-6073-4B46-AD33-A0F39E68A8DB}.Debug|x64.Build.0 = Debug|Any CPU
		{3AC0EB12-6073-4B46-AD33-A0F39E68A8DB}.Debug|x86.ActiveCfg = Debug|Any CPU
		{3AC0EB12-6073-4B46-AD33-A0F39E68A8DB}.Debug|x86.Build.0 = Debug|Any CPU
		{3AC0EB12-6073-4B46-AD33-A0F39E68A8DB}.Release|Any CPU.ActiveCfg = Release|Any CPU
		{3AC0EB12-6073-4B46-AD33-A0F39E68A8DB}.Release|Any CPU.Build.0 = Release|Any CPU
		{3AC0EB12-6073-4B46-AD33-A0F39E68A8DB}.Release|x64.ActiveCfg = Release|Any CPU
		{3AC0EB12-6073-4B46-AD33-A0F39E68A8DB}.Release|x64.Build.0 = Release|Any CPU
		{3AC0EB12-6073-4B46-AD33-A0F39E68A8DB}.Release|x86.ActiveCfg = Release|Any CPU
		{3AC0EB12-6073-4B46-AD33-A0F39E68A8DB}.Release|x86.Build.0 = Release|Any CPU
		{07DB4CAB-BB97-4712-BB09-17592B73722B}.Debug|Any CPU.ActiveCfg = Debug|Any CPU
		{07DB4CAB-BB97-4712-BB09-17592B73722B}.Debug|Any CPU.Build.0 = Debug|Any CPU
		{07DB4CAB-BB97-4712-BB09-17592B73722B}.Debug|x64.ActiveCfg = Debug|Any CPU
		{07DB4CAB-BB97-4712-BB09-17592B73722B}.Debug|x64.Build.0 = Debug|Any CPU
		{07DB4CAB-BB97-4712-BB09-17592B73722B}.Debug|x86.ActiveCfg = Debug|Any CPU
		{07DB4CAB-BB97-4712-BB09-17592B73722B}.Debug|x86.Build.0 = Debug|Any CPU
		{07DB4CAB-BB97-4712-BB09-17592B73722B}.Release|Any CPU.ActiveCfg = Release|Any CPU
		{07DB4CAB-BB97-4712-BB09-17592B73722B}.Release|Any CPU.Build.0 = Release|Any CPU
		{07DB4CAB-BB97-4712-BB09-17592B73722B}.Release|x64.ActiveCfg = Release|Any CPU
		{07DB4CAB-BB97-4712-BB09-17592B73722B}.Release|x64.Build.0 = Release|Any CPU
		{07DB4CAB-BB97-4712-BB09-17592B73722B}.Release|x86.ActiveCfg = Release|Any CPU
		{07DB4CAB-BB97-4712-BB09-17592B73722B}.Release|x86.Build.0 = Release|Any CPU
		{BA140627-909D-4232-B3BE-2A075ACE7BBE}.Debug|Any CPU.ActiveCfg = Debug|Any CPU
		{BA140627-909D-4232-B3BE-2A075ACE7BBE}.Debug|Any CPU.Build.0 = Debug|Any CPU
		{BA140627-909D-4232-B3BE-2A075ACE7BBE}.Debug|x64.ActiveCfg = Debug|Any CPU
		{BA140627-909D-4232-B3BE-2A075ACE7BBE}.Debug|x64.Build.0 = Debug|Any CPU
		{BA140627-909D-4232-B3BE-2A075ACE7BBE}.Debug|x86.ActiveCfg = Debug|Any CPU
		{BA140627-909D-4232-B3BE-2A075ACE7BBE}.Debug|x86.Build.0 = Debug|Any CPU
		{BA140627-909D-4232-B3BE-2A075ACE7BBE}.Release|Any CPU.ActiveCfg = Release|Any CPU
		{BA140627-909D-4232-B3BE-2A075ACE7BBE}.Release|Any CPU.Build.0 = Release|Any CPU
		{BA140627-909D-4232-B3BE-2A075ACE7BBE}.Release|x64.ActiveCfg = Release|Any CPU
		{BA140627-909D-4232-B3BE-2A075ACE7BBE}.Release|x64.Build.0 = Release|Any CPU
		{BA140627-909D-4232-B3BE-2A075ACE7BBE}.Release|x86.ActiveCfg = Release|Any CPU
		{BA140627-909D-4232-B3BE-2A075ACE7BBE}.Release|x86.Build.0 = Release|Any CPU
		{0FF72B78-8985-44C3-803A-676D6011BF97}.Debug|Any CPU.ActiveCfg = Debug|Any CPU
		{0FF72B78-8985-44C3-803A-676D6011BF97}.Debug|Any CPU.Build.0 = Debug|Any CPU
		{0FF72B78-8985-44C3-803A-676D6011BF97}.Debug|x64.ActiveCfg = Debug|Any CPU
		{0FF72B78-8985-44C3-803A-676D6011BF97}.Debug|x64.Build.0 = Debug|Any CPU
		{0FF72B78-8985-44C3-803A-676D6011BF97}.Debug|x86.ActiveCfg = Debug|Any CPU
		{0FF72B78-8985-44C3-803A-676D6011BF97}.Debug|x86.Build.0 = Debug|Any CPU
		{0FF72B78-8985-44C3-803A-676D6011BF97}.Release|Any CPU.ActiveCfg = Release|Any CPU
		{0FF72B78-8985-44C3-803A-676D6011BF97}.Release|Any CPU.Build.0 = Release|Any CPU
		{0FF72B78-8985-44C3-803A-676D6011BF97}.Release|x64.ActiveCfg = Release|Any CPU
		{0FF72B78-8985-44C3-803A-676D6011BF97}.Release|x64.Build.0 = Release|Any CPU
		{0FF72B78-8985-44C3-803A-676D6011BF97}.Release|x86.ActiveCfg = Release|Any CPU
		{0FF72B78-8985-44C3-803A-676D6011BF97}.Release|x86.Build.0 = Release|Any CPU
	EndGlobalSection
	GlobalSection(SolutionProperties) = preSolution
		HideSolutionNode = FALSE
	EndGlobalSection
	GlobalSection(NestedProjects) = preSolution
		{DC50A7CA-E495-435D-9A39-488F436205F9} = {39919CB7-5878-4DEE-84C2-F8028E5C632D}
		{3AC0EB12-6073-4B46-AD33-A0F39E68A8DB} = {1ED875D6-64F7-4BC5-8081-101DE8D79D83}
		{07DB4CAB-BB97-4712-BB09-17592B73722B} = {5B1ECA09-D0F9-4FA1-AAE0-FD44157471A5}
		{BA140627-909D-4232-B3BE-2A075ACE7BBE} = {807F2BFD-07A6-4CDB-A995-36666B990FA7}
		{0FF72B78-8985-44C3-803A-676D6011BF97} = {EAD3C42C-38A7-44EA-B8DF-C1FAC0BAA579}
	EndGlobalSection
	GlobalSection(ExtensibilityGlobals) = postSolution
		SolutionGuid = {7F221024-561E-4526-8AA1-78687499B20B}
	EndGlobalSection
EndGlobal
