
Microsoft Visual Studio Solution File, Format Version 12.00
# Visual Studio Version 16
VisualStudioVersion = 16.6.30114.105
MinimumVisualStudioVersion = 10.0.40219.1
Project("{2150E333-8FDC-42A3-9474-1A3956D46DE8}") = "src", "src", "{39919CB7-5878-4DEE-84C2-F8028E5C632D}"
EndProject
Project("{9A19103F-16F7-4668-BE54-9A1E7A4F7556}") = "ServerAPI", "src\ServerAPI\ServerAPI.csproj", "{DC50A7CA-E495-435D-9A39-488F436205F9}"
EndProject
Project("{2150E333-8FDC-42A3-9474-1A3956D46DE8}") = "test", "test", "{1ED875D6-64F7-4BC5-8081-101DE8D79D83}"
EndProject
Project("{9A19103F-16F7-4668-BE54-9A1E7A4F7556}") = "ServerAPI.Tests", "test\ServerAPI.Tests\ServerAPI.Tests.csproj", "{3AC0EB12-6073-4B46-AD33-A0F39E68A8DB}"
EndProject
Project("{FAE04EC0-301F-11D3-BF4B-00C04F79EFBC}") = "XCryptographyTesting", "CryptologyTesting\XCryptographyTesting.csproj", "{FD7A0C72-4E65-4E22-9536-72B3D1EDE6DC}"
EndProject
Global
	GlobalSection(SolutionConfigurationPlatforms) = preSolution
		Debug|Any CPU = Debug|Any CPU
		Debug|x64 = Debug|x64
		Debug|x86 = Debug|x86
		Release|Any CPU = Release|Any CPU
		Release|x64 = Release|x64
		Release|x86 = Release|x86
	EndGlobalSection
	GlobalSection(ProjectConfigurationPlatforms) = postSolution
		{DC50A7CA-E495-435D-9A39-488F436205F9}.Debug|Any CPU.ActiveCfg = Debug|Any CPU
		{DC50A7CA-E495-435D-9A39-488F436205F9}.Debug|Any CPU.Build.0 = Debug|Any CPU
		{DC50A7CA-E495-435D-9A39-488F436205F9}.Debug|x64.ActiveCfg = Debug|Any CPU
		{DC50A7CA-E495-435D-9A39-488F436205F9}.Debug|x64.Build.0 = Debug|Any CPU
		{DC50A7CA-E495-435D-9A39-488F436205F9}.Debug|x86.ActiveCfg = Debug|Any CPU
		{DC50A7CA-E495-435D-9A39-488F436205F9}.Debug|x86.Build.0 = Debug|Any CPU
		{DC50A7CA-E495-435D-9A39-488F436205F9}.Release|Any CPU.ActiveCfg = Release|Any CPU
		{DC50A7CA-E495-435D-9A39-488F436205F9}.Release|Any CPU.Build.0 = Release|Any CPU
		{DC50A7CA-E495-435D-9A39-488F436205F9}.Release|x64.ActiveCfg = Release|Any CPU
		{DC50A7CA-E495-435D-9A39-488F436205F9}.Release|x64.Build.0 = Release|Any CPU
		{DC50A7CA-E495-435D-9A39-488F436205F9}.Release|x86.ActiveCfg = Release|Any CPU
		{DC50A7CA-E495-435D-9A39-488F436205F9}.Release|x86.Build.0 = Release|Any CPU
		{3AC0EB12-6073-4B46-AD33-A0F39E68A8DB}.Debug|Any CPU.ActiveCfg = Debug|Any CPU
		{3AC0EB12-6073-4B46-AD33-A0F39E68A8DB}.Debug|Any CPU.Build.0 = Debug|Any CPU
		{3AC0EB12-6073-4B46-AD33-A0F39E68A8DB}.Debug|x64.ActiveCfg = Debug|Any CPU
		{3AC0EB12-6073-4B46-AD33-A0F39E68A8DB}.Debug|x64.Build.0 = Debug|Any CPU
		{3AC0EB12-6073-4B46-AD33-A0F39E68A8DB}.Debug|x86.ActiveCfg = Debug|Any CPU
		{3AC0EB12-6073-4B46-AD33-A0F39E68A8DB}.Debug|x86.Build.0 = Debug|Any CPU
		{3AC0EB12-6073-4B46-AD33-A0F39E68A8DB}.Release|Any CPU.ActiveCfg = Release|Any CPU
		{3AC0EB12-6073-4B46-AD33-A0F39E68A8DB}.Release|Any CPU.Build.0 = Release|Any CPU
		{3AC0EB12-6073-4B46-AD33-A0F39E68A8DB}.Release|x64.ActiveCfg = Release|Any CPU
		{3AC0EB12-6073-4B46-AD33-A0F39E68A8DB}.Release|x64.Build.0 = Release|Any CPU
		{3AC0EB12-6073-4B46-AD33-A0F39E68A8DB}.Release|x86.ActiveCfg = Release|Any CPU
		{3AC0EB12-6073-4B46-AD33-A0F39E68A8DB}.Release|x86.Build.0 = Release|Any CPU
		{FD7A0C72-4E65-4E22-9536-72B3D1EDE6DC}.Debug|Any CPU.ActiveCfg = Debug|Any CPU
		{FD7A0C72-4E65-4E22-9536-72B3D1EDE6DC}.Debug|Any CPU.Build.0 = Debug|Any CPU
		{FD7A0C72-4E65-4E22-9536-72B3D1EDE6DC}.Debug|x64.ActiveCfg = Debug|Any CPU
		{FD7A0C72-4E65-4E22-9536-72B3D1EDE6DC}.Debug|x64.Build.0 = Debug|Any CPU
		{FD7A0C72-4E65-4E22-9536-72B3D1EDE6DC}.Debug|x86.ActiveCfg = Debug|Any CPU
		{FD7A0C72-4E65-4E22-9536-72B3D1EDE6DC}.Debug|x86.Build.0 = Debug|Any CPU
		{FD7A0C72-4E65-4E22-9536-72B3D1EDE6DC}.Release|Any CPU.ActiveCfg = Release|Any CPU
		{FD7A0C72-4E65-4E22-9536-72B3D1EDE6DC}.Release|Any CPU.Build.0 = Release|Any CPU
		{FD7A0C72-4E65-4E22-9536-72B3D1EDE6DC}.Release|x64.ActiveCfg = Release|Any CPU
		{FD7A0C72-4E65-4E22-9536-72B3D1EDE6DC}.Release|x64.Build.0 = Release|Any CPU
		{FD7A0C72-4E65-4E22-9536-72B3D1EDE6DC}.Release|x86.ActiveCfg = Release|Any CPU
		{FD7A0C72-4E65-4E22-9536-72B3D1EDE6DC}.Release|x86.Build.0 = Release|Any CPU
	EndGlobalSection
	GlobalSection(SolutionProperties) = preSolution
		HideSolutionNode = FALSE
	EndGlobalSection
	GlobalSection(NestedProjects) = preSolution
		{DC50A7CA-E495-435D-9A39-488F436205F9} = {39919CB7-5878-4DEE-84C2-F8028E5C632D}
		{3AC0EB12-6073-4B46-AD33-A0F39E68A8DB} = {1ED875D6-64F7-4BC5-8081-101DE8D79D83}
		{FD7A0C72-4E65-4E22-9536-72B3D1EDE6DC} = {39919CB7-5878-4DEE-84C2-F8028E5C632D}
	EndGlobalSection
	GlobalSection(ExtensibilityGlobals) = postSolution
		SolutionGuid = {7F221024-561E-4526-8AA1-78687499B20B}
	EndGlobalSection
EndGlobal
